// !$*UTF8*$!
{
	archiveVersion = 1;
	classes = {
	};
	objectVersion = 50;
	objects = {

/* Begin PBXBuildFile section */
		AA47D92126576CFD00F3A464 /* AppDelegate.swift in Sources */ = {isa = PBXBuildFile; fileRef = AA47D92026576CFD00F3A464 /* AppDelegate.swift */; };
		AA47D92326576CFD00F3A464 /* ViewController.swift in Sources */ = {isa = PBXBuildFile; fileRef = AA47D92226576CFD00F3A464 /* ViewController.swift */; };
		AA47D92526576CFE00F3A464 /* Assets.xcassets in Resources */ = {isa = PBXBuildFile; fileRef = AA47D92426576CFE00F3A464 /* Assets.xcassets */; };
		AA47D92826576CFE00F3A464 /* Main.storyboard in Resources */ = {isa = PBXBuildFile; fileRef = AA47D92626576CFE00F3A464 /* Main.storyboard */; };
		AA47D93126576D7E00F3A464 /* BaseConection.swift in Sources */ = {isa = PBXBuildFile; fileRef = AA47D93026576D7E00F3A464 /* BaseConection.swift */; };
		AA47D934265773AD00F3A464 /* Album.swift in Sources */ = {isa = PBXBuildFile; fileRef = AA47D933265773AD00F3A464 /* Album.swift */; };
		AA5259E126588DD900CEC289 /* SimpleConection.swift in Sources */ = {isa = PBXBuildFile; fileRef = AA5259E026588DD900CEC289 /* SimpleConection.swift */; };
		AA94383A265999A7000E0365 /* IntermediateConection.swift in Sources */ = {isa = PBXBuildFile; fileRef = AA943839265999A7000E0365 /* IntermediateConection.swift */; };
		AA94383D26599CA9000E0365 /* PersonaRepository.swift in Sources */ = {isa = PBXBuildFile; fileRef = AA94383C26599CA9000E0365 /* PersonaRepository.swift */; };
		AA94383F26599CD0000E0365 /* Test.swift in Sources */ = {isa = PBXBuildFile; fileRef = AA94383E26599CD0000E0365 /* Test.swift */; };
/* End PBXBuildFile section */

/* Begin PBXFileReference section */
		AA47D91D26576CFD00F3A464 /* ServiciosWeb.app */ = {isa = PBXFileReference; explicitFileType = wrapper.application; includeInIndex = 0; path = ServiciosWeb.app; sourceTree = BUILT_PRODUCTS_DIR; };
		AA47D92026576CFD00F3A464 /* AppDelegate.swift */ = {isa = PBXFileReference; lastKnownFileType = sourcecode.swift; path = AppDelegate.swift; sourceTree = "<group>"; };
		AA47D92226576CFD00F3A464 /* ViewController.swift */ = {isa = PBXFileReference; lastKnownFileType = sourcecode.swift; path = ViewController.swift; sourceTree = "<group>"; };
		AA47D92426576CFE00F3A464 /* Assets.xcassets */ = {isa = PBXFileReference; lastKnownFileType = folder.assetcatalog; path = Assets.xcassets; sourceTree = "<group>"; };
		AA47D92726576CFE00F3A464 /* Base */ = {isa = PBXFileReference; lastKnownFileType = file.storyboard; name = Base; path = Base.lproj/Main.storyboard; sourceTree = "<group>"; };
		AA47D92926576CFE00F3A464 /* Info.plist */ = {isa = PBXFileReference; lastKnownFileType = text.plist.xml; path = Info.plist; sourceTree = "<group>"; };
		AA47D92A26576CFE00F3A464 /* ServiciosWeb.entitlements */ = {isa = PBXFileReference; lastKnownFileType = text.plist.entitlements; path = ServiciosWeb.entitlements; sourceTree = "<group>"; };
		AA47D93026576D7E00F3A464 /* BaseConection.swift */ = {isa = PBXFileReference; lastKnownFileType = sourcecode.swift; path = BaseConection.swift; sourceTree = "<group>"; };
		AA47D933265773AD00F3A464 /* Album.swift */ = {isa = PBXFileReference; lastKnownFileType = sourcecode.swift; path = Album.swift; sourceTree = "<group>"; };
		AA5259E026588DD900CEC289 /* SimpleConection.swift */ = {isa = PBXFileReference; lastKnownFileType = sourcecode.swift; path = SimpleConection.swift; sourceTree = "<group>"; };
		AA943839265999A7000E0365 /* IntermediateConection.swift */ = {isa = PBXFileReference; lastKnownFileType = sourcecode.swift; path = IntermediateConection.swift; sourceTree = "<group>"; };
		AA94383C26599CA9000E0365 /* PersonaRepository.swift */ = {isa = PBXFileReference; lastKnownFileType = sourcecode.swift; path = PersonaRepository.swift; sourceTree = "<group>"; };
		AA94383E26599CD0000E0365 /* Test.swift */ = {isa = PBXFileReference; lastKnownFileType = sourcecode.swift; path = Test.swift; sourceTree = "<group>"; };
/* End PBXFileReference section */

/* Begin PBXFrameworksBuildPhase section */
		AA47D91A26576CFD00F3A464 /* Frameworks */ = {
			isa = PBXFrameworksBuildPhase;
			buildActionMask = 2147483647;
			files = (
			);
			runOnlyForDeploymentPostprocessing = 0;
		};
/* End PBXFrameworksBuildPhase section */

/* Begin PBXGroup section */
		AA47D91426576CFD00F3A464 = {
			isa = PBXGroup;
			children = (
				AA47D91F26576CFD00F3A464 /* ServiciosWeb */,
				AA47D91E26576CFD00F3A464 /* Products */,
			);
			sourceTree = "<group>";
		};
		AA47D91E26576CFD00F3A464 /* Products */ = {
			isa = PBXGroup;
			children = (
				AA47D91D26576CFD00F3A464 /* ServiciosWeb.app */,
			);
			name = Products;
			sourceTree = "<group>";
		};
		AA47D91F26576CFD00F3A464 /* ServiciosWeb */ = {
			isa = PBXGroup;
			children = (
				AA5259DC26588CC000CEC289 /* Conection */,
				AA47D93226576DB500F3A464 /* Models */,
				AA47D92026576CFD00F3A464 /* AppDelegate.swift */,
				AA47D92226576CFD00F3A464 /* ViewController.swift */,
				AA47D92426576CFE00F3A464 /* Assets.xcassets */,
				AA47D92626576CFE00F3A464 /* Main.storyboard */,
				AA47D92926576CFE00F3A464 /* Info.plist */,
				AA47D92A26576CFE00F3A464 /* ServiciosWeb.entitlements */,
			);
			path = ServiciosWeb;
			sourceTree = "<group>";
		};
		AA47D93226576DB500F3A464 /* Models */ = {
			isa = PBXGroup;
			children = (
				AA47D933265773AD00F3A464 /* Album.swift */,
				AA94383E26599CD0000E0365 /* Test.swift */,
			);
			path = Models;
			sourceTree = "<group>";
		};
		AA5259DC26588CC000CEC289 /* Conection */ = {
			isa = PBXGroup;
			children = (
				AA5259DD26588CCC00CEC289 /* Simple */,
				AA5259DE26588CD300CEC289 /* Intermediate */,
				AA5259DF26588D4E00CEC289 /* Advance */,
				AA94383B26599C74000E0365 /* Test */,
			);
			path = Conection;
			sourceTree = "<group>";
		};
		AA5259DD26588CCC00CEC289 /* Simple */ = {
			isa = PBXGroup;
			children = (
				AA5259E026588DD900CEC289 /* SimpleConection.swift */,
			);
			path = Simple;
			sourceTree = "<group>";
		};
		AA5259DE26588CD300CEC289 /* Intermediate */ = {
			isa = PBXGroup;
			children = (
				AA943839265999A7000E0365 /* IntermediateConection.swift */,
			);
			path = Intermediate;
			sourceTree = "<group>";
		};
		AA5259DF26588D4E00CEC289 /* Advance */ = {
			isa = PBXGroup;
			children = (
				AA47D93026576D7E00F3A464 /* BaseConection.swift */,
			);
			path = Advance;
			sourceTree = "<group>";
		};
		AA94383B26599C74000E0365 /* Test */ = {
			isa = PBXGroup;
			children = (
				AA94383C26599CA9000E0365 /* PersonaRepository.swift */,
			);
			path = Test;
			sourceTree = "<group>";
		};
/* End PBXGroup section */

/* Begin PBXNativeTarget section */
		AA47D91C26576CFD00F3A464 /* ServiciosWeb */ = {
			isa = PBXNativeTarget;
			buildConfigurationList = AA47D92D26576CFE00F3A464 /* Build configuration list for PBXNativeTarget "ServiciosWeb" */;
			buildPhases = (
				AA47D91926576CFD00F3A464 /* Sources */,
				AA47D91A26576CFD00F3A464 /* Frameworks */,
				AA47D91B26576CFD00F3A464 /* Resources */,
			);
			buildRules = (
			);
			dependencies = (
			);
			name = ServiciosWeb;
			productName = ServiciosWeb;
			productReference = AA47D91D26576CFD00F3A464 /* ServiciosWeb.app */;
			productType = "com.apple.product-type.application";
		};
/* End PBXNativeTarget section */

/* Begin PBXProject section */
		AA47D91526576CFD00F3A464 /* Project object */ = {
			isa = PBXProject;
			attributes = {
				LastSwiftUpdateCheck = 1250;
				LastUpgradeCheck = 1250;
				TargetAttributes = {
					AA47D91C26576CFD00F3A464 = {
						CreatedOnToolsVersion = 12.5;
					};
				};
			};
			buildConfigurationList = AA47D91826576CFD00F3A464 /* Build configuration list for PBXProject "ServiciosWeb" */;
			compatibilityVersion = "Xcode 9.3";
			developmentRegion = en;
			hasScannedForEncodings = 0;
			knownRegions = (
				en,
				Base,
			);
			mainGroup = AA47D91426576CFD00F3A464;
			productRefGroup = AA47D91E26576CFD00F3A464 /* Products */;
			projectDirPath = "";
			projectRoot = "";
			targets = (
				AA47D91C26576CFD00F3A464 /* ServiciosWeb */,
			);
		};
/* End PBXProject section */

/* Begin PBXResourcesBuildPhase section */
		AA47D91B26576CFD00F3A464 /* Resources */ = {
			isa = PBXResourcesBuildPhase;
			buildActionMask = 2147483647;
			files = (
				AA47D92526576CFE00F3A464 /* Assets.xcassets in Resources */,
				AA47D92826576CFE00F3A464 /* Main.storyboard in Resources */,
			);
			runOnlyForDeploymentPostprocessing = 0;
		};
/* End PBXResourcesBuildPhase section */

/* Begin PBXSourcesBuildPhase section */
		AA47D91926576CFD00F3A464 /* Sources */ = {
			isa = PBXSourcesBuildPhase;
			buildActionMask = 2147483647;
			files = (
				AA94383F26599CD0000E0365 /* Test.swift in Sources */,
				AA47D92326576CFD00F3A464 /* ViewController.swift in Sources */,
				AA47D93126576D7E00F3A464 /* BaseConection.swift in Sources */,
				AA94383D26599CA9000E0365 /* PersonaRepository.swift in Sources */,
				AA47D92126576CFD00F3A464 /* AppDelegate.swift in Sources */,
				AA47D934265773AD00F3A464 /* Album.swift in Sources */,
				AA5259E126588DD900CEC289 /* SimpleConection.swift in Sources */,
				AA94383A265999A7000E0365 /* IntermediateConection.swift in Sources */,
			);
			runOnlyForDeploymentPostprocessing = 0;
		};
/* End PBXSourcesBuildPhase section */

/* Begin PBXVariantGroup section */
		AA47D92626576CFE00F3A464 /* Main.storyboard */ = {
			isa = PBXVariantGroup;
			children = (
				AA47D92726576CFE00F3A464 /* Base */,
			);
			name = Main.storyboard;
			sourceTree = "<group>";
		};
/* End PBXVariantGroup section */

/* Begin XCBuildConfiguration section */
		AA47D92B26576CFE00F3A464 /* Debug */ = {
			isa = XCBuildConfiguration;
			buildSettings = {
				ALWAYS_SEARCH_USER_PATHS = NO;
				CLANG_ANALYZER_NONNULL = YES;
				CLANG_ANALYZER_NUMBER_OBJECT_CONVERSION = YES_AGGRESSIVE;
				CLANG_CXX_LANGUAGE_STANDARD = "gnu++14";
				CLANG_CXX_LIBRARY = "libc++";
				CLANG_ENABLE_MODULES = YES;
				CLANG_ENABLE_OBJC_ARC = YES;
				CLANG_ENABLE_OBJC_WEAK = YES;
				CLANG_WARN_BLOCK_CAPTURE_AUTORELEASING = YES;
				CLANG_WARN_BOOL_CONVERSION = YES;
				CLANG_WARN_COMMA = YES;
				CLANG_WARN_CONSTANT_CONVERSION = YES;
				CLANG_WARN_DEPRECATED_OBJC_IMPLEMENTATIONS = YES;
				CLANG_WARN_DIRECT_OBJC_ISA_USAGE = YES_ERROR;
				CLANG_WARN_DOCUMENTATION_COMMENTS = YES;
				CLANG_WARN_EMPTY_BODY = YES;
				CLANG_WARN_ENUM_CONVERSION = YES;
				CLANG_WARN_INFINITE_RECURSION = YES;
				CLANG_WARN_INT_CONVERSION = YES;
				CLANG_WARN_NON_LITERAL_NULL_CONVERSION = YES;
				CLANG_WARN_OBJC_IMPLICIT_RETAIN_SELF = YES;
				CLANG_WARN_OBJC_LITERAL_CONVERSION = YES;
				CLANG_WARN_OBJC_ROOT_CLASS = YES_ERROR;
				CLANG_WARN_QUOTED_INCLUDE_IN_FRAMEWORK_HEADER = YES;
				CLANG_WARN_RANGE_LOOP_ANALYSIS = YES;
				CLANG_WARN_STRICT_PROTOTYPES = YES;
				CLANG_WARN_SUSPICIOUS_MOVE = YES;
				CLANG_WARN_UNGUARDED_AVAILABILITY = YES_AGGRESSIVE;
				CLANG_WARN_UNREACHABLE_CODE = YES;
				CLANG_WARN__DUPLICATE_METHOD_MATCH = YES;
				COPY_PHASE_STRIP = NO;
				DEBUG_INFORMATION_FORMAT = dwarf;
				ENABLE_STRICT_OBJC_MSGSEND = YES;
				ENABLE_TESTABILITY = YES;
				GCC_C_LANGUAGE_STANDARD = gnu11;
				GCC_DYNAMIC_NO_PIC = NO;
				GCC_NO_COMMON_BLOCKS = YES;
				GCC_OPTIMIZATION_LEVEL = 0;
				GCC_PREPROCESSOR_DEFINITIONS = (
					"DEBUG=1",
					"$(inherited)",
				);
				GCC_WARN_64_TO_32_BIT_CONVERSION = YES;
				GCC_WARN_ABOUT_RETURN_TYPE = YES_ERROR;
				GCC_WARN_UNDECLARED_SELECTOR = YES;
				GCC_WARN_UNINITIALIZED_AUTOS = YES_AGGRESSIVE;
				GCC_WARN_UNUSED_FUNCTION = YES;
				GCC_WARN_UNUSED_VARIABLE = YES;
				MACOSX_DEPLOYMENT_TARGET = 11.1;
				MTL_ENABLE_DEBUG_INFO = INCLUDE_SOURCE;
				MTL_FAST_MATH = YES;
				ONLY_ACTIVE_ARCH = YES;
				SDKROOT = macosx;
				SWIFT_ACTIVE_COMPILATION_CONDITIONS = DEBUG;
				SWIFT_OPTIMIZATION_LEVEL = "-Onone";
			};
			name = Debug;
		};
		AA47D92C26576CFE00F3A464 /* Release */ = {
			isa = XCBuildConfiguration;
			buildSettings = {
				ALWAYS_SEARCH_USER_PATHS = NO;
				CLANG_ANALYZER_NONNULL = YES;
				CLANG_ANALYZER_NUMBER_OBJECT_CONVERSION = YES_AGGRESSIVE;
				CLANG_CXX_LANGUAGE_STANDARD = "gnu++14";
				CLANG_CXX_LIBRARY = "libc++";
				CLANG_ENABLE_MODULES = YES;
				CLANG_ENABLE_OBJC_ARC = YES;
				CLANG_ENABLE_OBJC_WEAK = YES;
				CLANG_WARN_BLOCK_CAPTURE_AUTORELEASING = YES;
				CLANG_WARN_BOOL_CONVERSION = YES;
				CLANG_WARN_COMMA = YES;
				CLANG_WARN_CONSTANT_CONVERSION = YES;
				CLANG_WARN_DEPRECATED_OBJC_IMPLEMENTATIONS = YES;
				CLANG_WARN_DIRECT_OBJC_ISA_USAGE = YES_ERROR;
				CLANG_WARN_DOCUMENTATION_COMMENTS = YES;
				CLANG_WARN_EMPTY_BODY = YES;
				CLANG_WARN_ENUM_CONVERSION = YES;
				CLANG_WARN_INFINITE_RECURSION = YES;
				CLANG_WARN_INT_CONVERSION = YES;
				CLANG_WARN_NON_LITERAL_NULL_CONVERSION = YES;
				CLANG_WARN_OBJC_IMPLICIT_RETAIN_SELF = YES;
				CLANG_WARN_OBJC_LITERAL_CONVERSION = YES;
				CLANG_WARN_OBJC_ROOT_CLASS = YES_ERROR;
				CLANG_WARN_QUOTED_INCLUDE_IN_FRAMEWORK_HEADER = YES;
				CLANG_WARN_RANGE_LOOP_ANALYSIS = YES;
				CLANG_WARN_STRICT_PROTOTYPES = YES;
				CLANG_WARN_SUSPICIOUS_MOVE = YES;
				CLANG_WARN_UNGUARDED_AVAILABILITY = YES_AGGRESSIVE;
				CLANG_WARN_UNREACHABLE_CODE = YES;
				CLANG_WARN__DUPLICATE_METHOD_MATCH = YES;
				COPY_PHASE_STRIP = NO;
				DEBUG_INFORMATION_FORMAT = "dwarf-with-dsym";
				ENABLE_NS_ASSERTIONS = NO;
				ENABLE_STRICT_OBJC_MSGSEND = YES;
				GCC_C_LANGUAGE_STANDARD = gnu11;
				GCC_NO_COMMON_BLOCKS = YES;
				GCC_WARN_64_TO_32_BIT_CONVERSION = YES;
				GCC_WARN_ABOUT_RETURN_TYPE = YES_ERROR;
				GCC_WARN_UNDECLARED_SELECTOR = YES;
				GCC_WARN_UNINITIALIZED_AUTOS = YES_AGGRESSIVE;
				GCC_WARN_UNUSED_FUNCTION = YES;
				GCC_WARN_UNUSED_VARIABLE = YES;
				MACOSX_DEPLOYMENT_TARGET = 11.1;
				MTL_ENABLE_DEBUG_INFO = NO;
				MTL_FAST_MATH = YES;
				SDKROOT = macosx;
				SWIFT_COMPILATION_MODE = wholemodule;
				SWIFT_OPTIMIZATION_LEVEL = "-O";
			};
			name = Release;
		};
		AA47D92E26576CFE00F3A464 /* Debug */ = {
			isa = XCBuildConfiguration;
			buildSettings = {
				ASSETCATALOG_COMPILER_APPICON_NAME = AppIcon;
				ASSETCATALOG_COMPILER_GLOBAL_ACCENT_COLOR_NAME = AccentColor;
				CODE_SIGN_ENTITLEMENTS = ServiciosWeb/ServiciosWeb.entitlements;
				CODE_SIGN_STYLE = Automatic;
				COMBINE_HIDPI_IMAGES = YES;
				DEVELOPMENT_TEAM = 9TPTHP2V2G;
				ENABLE_HARDENED_RUNTIME = YES;
				INFOPLIST_FILE = ServiciosWeb/Info.plist;
				LD_RUNPATH_SEARCH_PATHS = (
					"$(inherited)",
					"@executable_path/../Frameworks",
				);
				PRODUCT_BUNDLE_IDENTIFIER = com.bugsoft.ServiciosWeb;
				PRODUCT_NAME = "$(TARGET_NAME)";
				SWIFT_VERSION = 5.0;
			};
			name = Debug;
		};
		AA47D92F26576CFE00F3A464 /* Release */ = {
			isa = XCBuildConfiguration;
			buildSettings = {
				ASSETCATALOG_COMPILER_APPICON_NAME = AppIcon;
				ASSETCATALOG_COMPILER_GLOBAL_ACCENT_COLOR_NAME = AccentColor;
				CODE_SIGN_ENTITLEMENTS = ServiciosWeb/ServiciosWeb.entitlements;
				CODE_SIGN_STYLE = Automatic;
				COMBINE_HIDPI_IMAGES = YES;
				DEVELOPMENT_TEAM = 9TPTHP2V2G;
				ENABLE_HARDENED_RUNTIME = YES;
				INFOPLIST_FILE = ServiciosWeb/Info.plist;
				LD_RUNPATH_SEARCH_PATHS = (
					"$(inherited)",
					"@executable_path/../Frameworks",
				);
				PRODUCT_BUNDLE_IDENTIFIER = com.bugsoft.ServiciosWeb;
				PRODUCT_NAME = "$(TARGET_NAME)";
				SWIFT_VERSION = 5.0;
			};
			name = Release;
		};
/* End XCBuildConfiguration section */

/* Begin XCConfigurationList section */
		AA47D91826576CFD00F3A464 /* Build configuration list for PBXProject "ServiciosWeb" */ = {
			isa = XCConfigurationList;
			buildConfigurations = (
				AA47D92B26576CFE00F3A464 /* Debug */,
				AA47D92C26576CFE00F3A464 /* Release */,
			);
			defaultConfigurationIsVisible = 0;
			defaultConfigurationName = Release;
		};
		AA47D92D26576CFE00F3A464 /* Build configuration list for PBXNativeTarget "ServiciosWeb" */ = {
			isa = XCConfigurationList;
			buildConfigurations = (
				AA47D92E26576CFE00F3A464 /* Debug */,
				AA47D92F26576CFE00F3A464 /* Release */,
			);
			defaultConfigurationIsVisible = 0;
			defaultConfigurationName = Release;
		};
/* End XCConfigurationList section */
	};
	rootObject = AA47D91526576CFD00F3A464 /* Project object */;
}
